
Microsoft Visual Studio Solution File, Format Version 12.00
# Visual Studio 2012
Project("{2150E333-8FDC-42A3-9474-1A3956D46DE8}") = "Solution Items", "Solution Items", "{99C8FFB7-E3B8-437C-9B4E-4786EAF6B7A1}"
	ProjectSection(SolutionItems) = preProject
		builld.ps1 = builld.ps1
		pack.ps1 = pack.ps1
		..\README.md = ..\README.md
	EndProjectSection
EndProject
Project("{2150E333-8FDC-42A3-9474-1A3956D46DE8}") = ".nuget", ".nuget", "{64F273AC-B35D-40C3-9D8A-5B0B244FCBC5}"
	ProjectSection(SolutionItems) = preProject
		.nuget\NuGet.Config = .nuget\NuGet.Config
		.nuget\NuGet.exe = .nuget\NuGet.exe
		.nuget\NuGet.targets = .nuget\NuGet.targets
	EndProjectSection
EndProject
Project("{FAE04EC0-301F-11D3-BF4B-00C04F79EFBC}") = "NanoProfiler", "NanoProfiler\NanoProfiler.csproj", "{51C22469-3BE7-4BE1-807B-764683883605}"
EndProject
Project("{FAE04EC0-301F-11D3-BF4B-00C04F79EFBC}") = "NanoProfiler.Web", "NanoProfiler.Web\NanoProfiler.Web.csproj", "{A10A8047-26C3-41B4-A904-71B6548AAAFC}"
EndProject
Project("{FAE04EC0-301F-11D3-BF4B-00C04F79EFBC}") = "NanoProfiler.Data", "NanoProfiler.Data\NanoProfiler.Data.csproj", "{4EBB9A68-67EB-495D-8A4C-30F2C9F43A49}"
EndProject
Project("{FAE04EC0-301F-11D3-BF4B-00C04F79EFBC}") = "NanoProfiler.Storages.Json", "NanoProfiler.Storages.Json\NanoProfiler.Storages.Json.csproj", "{19216FBA-B584-4BC5-B6A9-85694E3DC44B}"
EndProject
Project("{FAE04EC0-301F-11D3-BF4B-00C04F79EFBC}") = "NanoProfiler.Wcf", "NanoProfiler.Wcf\NanoProfiler.Wcf.csproj", "{8004E5D2-3BBD-4909-8AFF-19F036BD6D6B}"
EndProject
Project("{2150E333-8FDC-42A3-9474-1A3956D46DE8}") = "Demos", "Demos", "{43F684CE-735F-4FC1-968E-F646BA1CA5F4}"
EndProject
Project("{FAE04EC0-301F-11D3-BF4B-00C04F79EFBC}") = "NanoProfiler.Demos.ConsoleDemo", "Demos\NanoProfiler.Demos.ConsoleDemo\NanoProfiler.Demos.ConsoleDemo.csproj", "{02AA3D1D-3E57-46A7-A2AE-34CB36F1A777}"
EndProject
Project("{FAE04EC0-301F-11D3-BF4B-00C04F79EFBC}") = "NanoProfiler.Demos.SimpleDemo", "Demos\NanoProfiler.Demos.SimpleDemo\NanoProfiler.Demos.SimpleDemo.csproj", "{A7DC33A4-9531-4D2E-9379-C26153960BE9}"
EndProject
Project("{2150E333-8FDC-42A3-9474-1A3956D46DE8}") = "Tests", "Tests", "{599D94B7-8840-4DFB-80B0-B782543305E8}"
EndProject
Project("{FAE04EC0-301F-11D3-BF4B-00C04F79EFBC}") = "NanoProfiler.Tests", "Tests\NanoProfiler.Tests\NanoProfiler.Tests.csproj", "{E2098C3B-D0E5-4102-9FEB-C7010B202118}"
EndProject
Project("{FAE04EC0-301F-11D3-BF4B-00C04F79EFBC}") = "NanoProfiler.Web.Import", "NanoProfiler.Web.Import\NanoProfiler.Web.Import.csproj", "{9A23EA8D-90F4-46EF-93D8-7E47D86E0501}"
EndProject
Project("{2150E333-8FDC-42A3-9474-1A3956D46DE8}") = "Shared", "Shared", "{2819930B-6909-4F89-AEC1-96D4E512EBC3}"
	ProjectSection(SolutionItems) = preProject
		Shared\GlobalAssemblyInfo.cs = Shared\GlobalAssemblyInfo.cs
		Shared\NanoProfiler.snk = Shared\NanoProfiler.snk
	EndProjectSection
EndProject
Global
	GlobalSection(SolutionConfigurationPlatforms) = preSolution
		Debug|Any CPU = Debug|Any CPU
		Release|Any CPU = Release|Any CPU
	EndGlobalSection
	GlobalSection(ProjectConfigurationPlatforms) = postSolution
		{51C22469-3BE7-4BE1-807B-764683883605}.Debug|Any CPU.ActiveCfg = Debug|Any CPU
		{51C22469-3BE7-4BE1-807B-764683883605}.Debug|Any CPU.Build.0 = Debug|Any CPU
		{51C22469-3BE7-4BE1-807B-764683883605}.Release|Any CPU.ActiveCfg = Release|Any CPU
		{51C22469-3BE7-4BE1-807B-764683883605}.Release|Any CPU.Build.0 = Release|Any CPU
		{A10A8047-26C3-41B4-A904-71B6548AAAFC}.Debug|Any CPU.ActiveCfg = Debug|Any CPU
		{A10A8047-26C3-41B4-A904-71B6548AAAFC}.Debug|Any CPU.Build.0 = Debug|Any CPU
		{A10A8047-26C3-41B4-A904-71B6548AAAFC}.Release|Any CPU.ActiveCfg = Release|Any CPU
		{A10A8047-26C3-41B4-A904-71B6548AAAFC}.Release|Any CPU.Build.0 = Release|Any CPU
		{4EBB9A68-67EB-495D-8A4C-30F2C9F43A49}.Debug|Any CPU.ActiveCfg = Debug|Any CPU
		{4EBB9A68-67EB-495D-8A4C-30F2C9F43A49}.Debug|Any CPU.Build.0 = Debug|Any CPU
		{4EBB9A68-67EB-495D-8A4C-30F2C9F43A49}.Release|Any CPU.ActiveCfg = Release|Any CPU
		{4EBB9A68-67EB-495D-8A4C-30F2C9F43A49}.Release|Any CPU.Build.0 = Release|Any CPU
		{19216FBA-B584-4BC5-B6A9-85694E3DC44B}.Debug|Any CPU.ActiveCfg = Debug|Any CPU
		{19216FBA-B584-4BC5-B6A9-85694E3DC44B}.Debug|Any CPU.Build.0 = Debug|Any CPU
		{19216FBA-B584-4BC5-B6A9-85694E3DC44B}.Release|Any CPU.ActiveCfg = Release|Any CPU
		{19216FBA-B584-4BC5-B6A9-85694E3DC44B}.Release|Any CPU.Build.0 = Release|Any CPU
		{8004E5D2-3BBD-4909-8AFF-19F036BD6D6B}.Debug|Any CPU.ActiveCfg = Debug|Any CPU
		{8004E5D2-3BBD-4909-8AFF-19F036BD6D6B}.Debug|Any CPU.Build.0 = Debug|Any CPU
		{8004E5D2-3BBD-4909-8AFF-19F036BD6D6B}.Release|Any CPU.ActiveCfg = Release|Any CPU
		{8004E5D2-3BBD-4909-8AFF-19F036BD6D6B}.Release|Any CPU.Build.0 = Release|Any CPU
		{02AA3D1D-3E57-46A7-A2AE-34CB36F1A777}.Debug|Any CPU.ActiveCfg = Debug|Any CPU
		{02AA3D1D-3E57-46A7-A2AE-34CB36F1A777}.Debug|Any CPU.Build.0 = Debug|Any CPU
		{02AA3D1D-3E57-46A7-A2AE-34CB36F1A777}.Release|Any CPU.ActiveCfg = Release|Any CPU
		{02AA3D1D-3E57-46A7-A2AE-34CB36F1A777}.Release|Any CPU.Build.0 = Release|Any CPU
		{A7DC33A4-9531-4D2E-9379-C26153960BE9}.Debug|Any CPU.ActiveCfg = Debug|Any CPU
		{A7DC33A4-9531-4D2E-9379-C26153960BE9}.Debug|Any CPU.Build.0 = Debug|Any CPU
		{A7DC33A4-9531-4D2E-9379-C26153960BE9}.Release|Any CPU.ActiveCfg = Release|Any CPU
		{A7DC33A4-9531-4D2E-9379-C26153960BE9}.Release|Any CPU.Build.0 = Release|Any CPU
		{E2098C3B-D0E5-4102-9FEB-C7010B202118}.Debug|Any CPU.ActiveCfg = Debug|Any CPU
		{E2098C3B-D0E5-4102-9FEB-C7010B202118}.Debug|Any CPU.Build.0 = Debug|Any CPU
		{E2098C3B-D0E5-4102-9FEB-C7010B202118}.Release|Any CPU.ActiveCfg = Release|Any CPU
		{E2098C3B-D0E5-4102-9FEB-C7010B202118}.Release|Any CPU.Build.0 = Release|Any CPU
		{9A23EA8D-90F4-46EF-93D8-7E47D86E0501}.Debug|Any CPU.ActiveCfg = Debug|Any CPU
		{9A23EA8D-90F4-46EF-93D8-7E47D86E0501}.Debug|Any CPU.Build.0 = Debug|Any CPU
		{9A23EA8D-90F4-46EF-93D8-7E47D86E0501}.Release|Any CPU.ActiveCfg = Release|Any CPU
		{9A23EA8D-90F4-46EF-93D8-7E47D86E0501}.Release|Any CPU.Build.0 = Release|Any CPU
	EndGlobalSection
	GlobalSection(SolutionProperties) = preSolution
		HideSolutionNode = FALSE
	EndGlobalSection
	GlobalSection(NestedProjects) = preSolution
		{02AA3D1D-3E57-46A7-A2AE-34CB36F1A777} = {43F684CE-735F-4FC1-968E-F646BA1CA5F4}
		{A7DC33A4-9531-4D2E-9379-C26153960BE9} = {43F684CE-735F-4FC1-968E-F646BA1CA5F4}
		{E2098C3B-D0E5-4102-9FEB-C7010B202118} = {599D94B7-8840-4DFB-80B0-B782543305E8}
	EndGlobalSection
	GlobalSection(ExtensibilityGlobals) = postSolution
		EnterpriseLibraryConfigurationToolBinariesPath = packages\Unity.2.1.505.2\lib\NET35;packages\Unity.Interception.2.1.505.2\lib\NET35;packages\Unity.2.1.505.0\lib\NET35
	EndGlobalSection
EndGlobal
